
Microsoft Visual Studio Solution File, Format Version 12.00
# Visual Studio Version 17
VisualStudioVersion = 17.7.34031.279
MinimumVisualStudioVersion = 10.0.40219.1
Project("{9A19103F-16F7-4668-BE54-9A1E7A4F7556}") = "USDtoEuro", "WpfApp1\USDtoEuro.csproj", "{EF716ABA-CEBF-4371-9B87-EEB4926A2D3C}"
EndProject
Global
	GlobalSection(SolutionConfigurationPlatforms) = preSolution
		Debug|Any CPU = Debug|Any CPU
		Release|Any CPU = Release|Any CPU
	EndGlobalSection
	GlobalSection(ProjectConfigurationPlatforms) = postSolution
		{EF716ABA-CEBF-4371-9B87-EEB4926A2D3C}.Debug|Any CPU.ActiveCfg = Debug|Any CPU
		{EF716ABA-CEBF-4371-9B87-EEB4926A2D3C}.Debug|Any CPU.Build.0 = Debug|Any CPU
		{EF716ABA-CEBF-4371-9B87-EEB4926A2D3C}.Release|Any CPU.ActiveCfg = Release|Any CPU
		{EF716ABA-CEBF-4371-9B87-EEB4926A2D3C}.Release|Any CPU.Build.0 = Release|Any CPU
	EndGlobalSection
	GlobalSection(SolutionProperties) = preSolution
		HideSolutionNode = FALSE
	EndGlobalSection
	GlobalSection(ExtensibilityGlobals) = postSolution
		SolutionGuid = {9107DAC4-4C72-4E4E-A005-F878B9E05310}
	EndGlobalSection
EndGlobal
