
Microsoft Visual Studio Solution File, Format Version 12.00
# Visual Studio Version 17
VisualStudioVersion = 17.7.34031.279
MinimumVisualStudioVersion = 10.0.40219.1
Project("{FAE04EC0-301F-11D3-BF4B-00C04F79EFBC}") = "MathEnigma", "MathEnigma.csproj", "{97951C85-95AB-499C-BD3A-447217CFBF75}"
EndProject
Global
	GlobalSection(SolutionConfigurationPlatforms) = preSolution
		Debug|Any CPU = Debug|Any CPU
		Release|Any CPU = Release|Any CPU
	EndGlobalSection
	GlobalSection(ProjectConfigurationPlatforms) = postSolution
		{97951C85-95AB-499C-BD3A-447217CFBF75}.Debug|Any CPU.ActiveCfg = Debug|Any CPU
		{97951C85-95AB-499C-BD3A-447217CFBF75}.Debug|Any CPU.Build.0 = Debug|Any CPU
		{97951C85-95AB-499C-BD3A-447217CFBF75}.Release|Any CPU.ActiveCfg = Release|Any CPU
		{97951C85-95AB-499C-BD3A-447217CFBF75}.Release|Any CPU.Build.0 = Release|Any CPU
	EndGlobalSection
	GlobalSection(SolutionProperties) = preSolution
		HideSolutionNode = FALSE
	EndGlobalSection
	GlobalSection(ExtensibilityGlobals) = postSolution
		SolutionGuid = {306A854A-A97B-497E-A849-DCD675F99551}
	EndGlobalSection
EndGlobal
